
Microsoft Visual Studio Solution File, Format Version 12.00
# Visual Studio 15
VisualStudioVersion = 15.0.28307.902
MinimumVisualStudioVersion = 10.0.40219.1
Project("{FAE04EC0-301F-11D3-BF4B-00C04F79EFBC}") = "EmployeeInformationSystem.WebUI", "EmployeeInformationSystem.WebUI\EmployeeInformationSystem.WebUI.csproj", "{5CDE25C8-5C1F-413B-948E-A26EFC799670}"
EndProject
Project("{FAE04EC0-301F-11D3-BF4B-00C04F79EFBC}") = "EmployeeInformationSystem.Core", "EmployeeInformationSystem.Core\EmployeeInformationSystem.Core.csproj", "{8D1D61CE-C4CB-41A9-8F23-46EE54462D6E}"
EndProject
Project("{FAE04EC0-301F-11D3-BF4B-00C04F79EFBC}") = "EmployeeInformationSystem.DataAccess.InMemory", "EmployeeInformationSystem.DataAccess.InMemory\EmployeeInformationSystem.DataAccess.InMemory.csproj", "{12569647-4D27-4A62-A05E-21C686397CBE}"
EndProject
Project("{FAE04EC0-301F-11D3-BF4B-00C04F79EFBC}") = "EmployeeInformationSystem.DataAccess.SQL", "EmployeeInformationSystem.DataAccess.SQL\EmployeeInformationSystem.DataAccess.SQL.csproj", "{C3B94AF8-3A99-4D88-BEFF-CFFA60F807D5}"
EndProject
Project("{FAE04EC0-301F-11D3-BF4B-00C04F79EFBC}") = "EmployeeInformationSystem.Services", "EmployeeInformationSystem.Services\EmployeeInformationSystem.Services.csproj", "{01C6BEBE-1B46-4240-B700-0EF58343E5E2}"
EndProject
Global
	GlobalSection(SolutionConfigurationPlatforms) = preSolution
		Debug|Any CPU = Debug|Any CPU
		Release|Any CPU = Release|Any CPU
	EndGlobalSection
	GlobalSection(ProjectConfigurationPlatforms) = postSolution
		{5CDE25C8-5C1F-413B-948E-A26EFC799670}.Debug|Any CPU.ActiveCfg = Debug|Any CPU
		{5CDE25C8-5C1F-413B-948E-A26EFC799670}.Debug|Any CPU.Build.0 = Debug|Any CPU
		{5CDE25C8-5C1F-413B-948E-A26EFC799670}.Release|Any CPU.ActiveCfg = Release|Any CPU
		{5CDE25C8-5C1F-413B-948E-A26EFC799670}.Release|Any CPU.Build.0 = Release|Any CPU
		{8D1D61CE-C4CB-41A9-8F23-46EE54462D6E}.Debug|Any CPU.ActiveCfg = Debug|Any CPU
		{8D1D61CE-C4CB-41A9-8F23-46EE54462D6E}.Debug|Any CPU.Build.0 = Debug|Any CPU
		{8D1D61CE-C4CB-41A9-8F23-46EE54462D6E}.Release|Any CPU.ActiveCfg = Release|Any CPU
		{8D1D61CE-C4CB-41A9-8F23-46EE54462D6E}.Release|Any CPU.Build.0 = Release|Any CPU
		{12569647-4D27-4A62-A05E-21C686397CBE}.Debug|Any CPU.ActiveCfg = Debug|Any CPU
		{12569647-4D27-4A62-A05E-21C686397CBE}.Debug|Any CPU.Build.0 = Debug|Any CPU
		{12569647-4D27-4A62-A05E-21C686397CBE}.Release|Any CPU.ActiveCfg = Release|Any CPU
		{12569647-4D27-4A62-A05E-21C686397CBE}.Release|Any CPU.Build.0 = Release|Any CPU
		{C3B94AF8-3A99-4D88-BEFF-CFFA60F807D5}.Debug|Any CPU.ActiveCfg = Debug|Any CPU
		{C3B94AF8-3A99-4D88-BEFF-CFFA60F807D5}.Debug|Any CPU.Build.0 = Debug|Any CPU
		{C3B94AF8-3A99-4D88-BEFF-CFFA60F807D5}.Release|Any CPU.ActiveCfg = Release|Any CPU
		{C3B94AF8-3A99-4D88-BEFF-CFFA60F807D5}.Release|Any CPU.Build.0 = Release|Any CPU
		{01C6BEBE-1B46-4240-B700-0EF58343E5E2}.Debug|Any CPU.ActiveCfg = Debug|Any CPU
		{01C6BEBE-1B46-4240-B700-0EF58343E5E2}.Debug|Any CPU.Build.0 = Debug|Any CPU
		{01C6BEBE-1B46-4240-B700-0EF58343E5E2}.Release|Any CPU.ActiveCfg = Release|Any CPU
		{01C6BEBE-1B46-4240-B700-0EF58343E5E2}.Release|Any CPU.Build.0 = Release|Any CPU
	EndGlobalSection
	GlobalSection(SolutionProperties) = preSolution
		HideSolutionNode = FALSE
	EndGlobalSection
	GlobalSection(ExtensibilityGlobals) = postSolution
		SolutionGuid = {BCC45741-C037-4C3A-B17E-8386917C493B}
	EndGlobalSection
EndGlobal
